
Microsoft Visual Studio Solution File, Format Version 12.00
# Visual Studio 15
VisualStudioVersion = 15.0.28010.2050
MinimumVisualStudioVersion = 10.0.40219.1
Project("{8BC9CEB8-8B4A-11D0-8D11-00A0C91BC942}") = "7z", "..\..\third_party\7z\CPP\7zip\Archive\7z\7z.vcxproj", "{1BA3BB02-93A9-44EA-8CA5-53674D34BA86}"
EndProject
Project("{8BC9CEB8-8B4A-11D0-8D11-00A0C91BC942}") = "client", "..\..\third_party\7z\CPP\7zip\UI\Client7z\client.vcxproj", "{3E5CB224-8514-40D0-B23D-03B68632A0E3}"
EndProject
Global
	GlobalSection(SolutionConfigurationPlatforms) = preSolution
		Debug|x64 = Debug|x64
		Debug|x86 = Debug|x86
		Release|x64 = Release|x64
		Release|x86 = Release|x86
	EndGlobalSection
	GlobalSection(ProjectConfigurationPlatforms) = postSolution
		{1BA3BB02-93A9-44EA-8CA5-53674D34BA86}.Debug|x64.ActiveCfg = Debug|Win32
		{1BA3BB02-93A9-44EA-8CA5-53674D34BA86}.Debug|x86.ActiveCfg = Debug|Win32
		{1BA3BB02-93A9-44EA-8CA5-53674D34BA86}.Debug|x86.Build.0 = Debug|Win32
		{1BA3BB02-93A9-44EA-8CA5-53674D34BA86}.Release|x64.ActiveCfg = Release|Win32
		{1BA3BB02-93A9-44EA-8CA5-53674D34BA86}.Release|x86.ActiveCfg = Release|Win32
		{1BA3BB02-93A9-44EA-8CA5-53674D34BA86}.Release|x86.Build.0 = Release|Win32
		{3E5CB224-8514-40D0-B23D-03B68632A0E3}.Debug|x64.ActiveCfg = Debug|Win32
		{3E5CB224-8514-40D0-B23D-03B68632A0E3}.Debug|x86.ActiveCfg = Debug|Win32
		{3E5CB224-8514-40D0-B23D-03B68632A0E3}.Debug|x86.Build.0 = Debug|Win32
		{3E5CB224-8514-40D0-B23D-03B68632A0E3}.Release|x64.ActiveCfg = Release|Win32
		{3E5CB224-8514-40D0-B23D-03B68632A0E3}.Release|x86.ActiveCfg = Release|Win32
		{3E5CB224-8514-40D0-B23D-03B68632A0E3}.Release|x86.Build.0 = Release|Win32
	EndGlobalSection
	GlobalSection(SolutionProperties) = preSolution
		HideSolutionNode = FALSE
	EndGlobalSection
	GlobalSection(ExtensibilityGlobals) = postSolution
		SolutionGuid = {1E1B0108-680D-432B-82FC-E87B77EE5FFA}
	EndGlobalSection
EndGlobal
